// !$*UTF8*$!
{
	archiveVersion = 1;
	classes = {
	};
	objectVersion = 46;
	objects = {

/* Begin PBXBuildFile section */
		FB707B231AD3D6C100A70355 /* main.m in Sources */ = {isa = PBXBuildFile; fileRef = FB707B221AD3D6C100A70355 /* main.m */; };
		FB707B261AD3D6C100A70355 /* AppDelegate.m in Sources */ = {isa = PBXBuildFile; fileRef = FB707B251AD3D6C100A70355 /* AppDelegate.m */; };
		FB707B291AD3D6C100A70355 /* ViewController.m in Sources */ = {isa = PBXBuildFile; fileRef = FB707B281AD3D6C100A70355 /* ViewController.m */; };
		FB707B2C1AD3D6C100A70355 /* Main.storyboard in Resources */ = {isa = PBXBuildFile; fileRef = FB707B2A1AD3D6C100A70355 /* Main.storyboard */; };
		FB707B2E1AD3D6C100A70355 /* Images.xcassets in Resources */ = {isa = PBXBuildFile; fileRef = FB707B2D1AD3D6C100A70355 /* Images.xcassets */; };
		FB707B311AD3D6C100A70355 /* LaunchScreen.xib in Resources */ = {isa = PBXBuildFile; fileRef = FB707B2F1AD3D6C100A70355 /* LaunchScreen.xib */; };
		FB707B3D1AD3D6C100A70355 /* RSA__DEMOTests.m in Sources */ = {isa = PBXBuildFile; fileRef = FB707B3C1AD3D6C100A70355 /* RSA__DEMOTests.m */; };
		FBB7DEC81AD51433003A4E11 /* Security.framework in Frameworks */ = {isa = PBXBuildFile; fileRef = FBB7DEC71AD51433003A4E11 /* Security.framework */; };
		FBB7DECB1AD529C4003A4E11 /* private_key.p12 in Resources */ = {isa = PBXBuildFile; fileRef = FBB7DEC91AD529C4003A4E11 /* private_key.p12 */; };
		FBB7DECC1AD529C4003A4E11 /* public_key.der in Resources */ = {isa = PBXBuildFile; fileRef = FBB7DECA1AD529C4003A4E11 /* public_key.der */; };
		FBB7DECF1AD52A0D003A4E11 /* RSAEncryptor.m in Sources */ = {isa = PBXBuildFile; fileRef = FBB7DECE1AD52A0D003A4E11 /* RSAEncryptor.m */; };
/* End PBXBuildFile section */

/* Begin PBXContainerItemProxy section */
		FB707B371AD3D6C100A70355 /* PBXContainerItemProxy */ = {
			isa = PBXContainerItemProxy;
			containerPortal = FB707B151AD3D6C100A70355 /* Project object */;
			proxyType = 1;
			remoteGlobalIDString = FB707B1C1AD3D6C100A70355;
			remoteInfo = "RSA——DEMO";
		};
/* End PBXContainerItemProxy section */

/* Begin PBXFileReference section */
		FB707B1D1AD3D6C100A70355 /* RSA——DEMO.app */ = {isa = PBXFileReference; explicitFileType = wrapper.application; includeInIndex = 0; path = "RSA——DEMO.app"; sourceTree = BUILT_PRODUCTS_DIR; };
		FB707B211AD3D6C100A70355 /* Info.plist */ = {isa = PBXFileReference; lastKnownFileType = text.plist.xml; path = Info.plist; sourceTree = "<group>"; };
		FB707B221AD3D6C100A70355 /* main.m */ = {isa = PBXFileReference; lastKnownFileType = sourcecode.c.objc; path = main.m; sourceTree = "<group>"; };
		FB707B241AD3D6C100A70355 /* AppDelegate.h */ = {isa = PBXFileReference; lastKnownFileType = sourcecode.c.h; path = AppDelegate.h; sourceTree = "<group>"; };
		FB707B251AD3D6C100A70355 /* AppDelegate.m */ = {isa = PBXFileReference; lastKnownFileType = sourcecode.c.objc; path = AppDelegate.m; sourceTree = "<group>"; };
		FB707B271AD3D6C100A70355 /* ViewController.h */ = {isa = PBXFileReference; lastKnownFileType = sourcecode.c.h; path = ViewController.h; sourceTree = "<group>"; };
		FB707B281AD3D6C100A70355 /* ViewController.m */ = {isa = PBXFileReference; lastKnownFileType = sourcecode.c.objc; path = ViewController.m; sourceTree = "<group>"; };
		FB707B2B1AD3D6C100A70355 /* Base */ = {isa = PBXFileReference; lastKnownFileType = file.storyboard; name = Base; path = Base.lproj/Main.storyboard; sourceTree = "<group>"; };
		FB707B2D1AD3D6C100A70355 /* Images.xcassets */ = {isa = PBXFileReference; lastKnownFileType = folder.assetcatalog; path = Images.xcassets; sourceTree = "<group>"; };
		FB707B301AD3D6C100A70355 /* Base */ = {isa = PBXFileReference; lastKnownFileType = file.xib; name = Base; path = Base.lproj/LaunchScreen.xib; sourceTree = "<group>"; };
		FB707B361AD3D6C100A70355 /* RSA——DEMOTests.xctest */ = {isa = PBXFileReference; explicitFileType = wrapper.cfbundle; includeInIndex = 0; path = "RSA——DEMOTests.xctest"; sourceTree = BUILT_PRODUCTS_DIR; };
		FB707B3B1AD3D6C100A70355 /* Info.plist */ = {isa = PBXFileReference; lastKnownFileType = text.plist.xml; path = Info.plist; sourceTree = "<group>"; };
		FB707B3C1AD3D6C100A70355 /* RSA__DEMOTests.m */ = {isa = PBXFileReference; lastKnownFileType = sourcecode.c.objc; path = RSA__DEMOTests.m; sourceTree = "<group>"; };
		FBB7DEC71AD51433003A4E11 /* Security.framework */ = {isa = PBXFileReference; lastKnownFileType = wrapper.framework; name = Security.framework; path = System/Library/Frameworks/Security.framework; sourceTree = SDKROOT; };
		FBB7DEC91AD529C4003A4E11 /* private_key.p12 */ = {isa = PBXFileReference; lastKnownFileType = file; path = private_key.p12; sourceTree = "<group>"; };
		FBB7DECA1AD529C4003A4E11 /* public_key.der */ = {isa = PBXFileReference; lastKnownFileType = file; path = public_key.der; sourceTree = "<group>"; };
		FBB7DECD1AD52A0D003A4E11 /* RSAEncryptor.h */ = {isa = PBXFileReference; fileEncoding = 4; lastKnownFileType = sourcecode.c.h; path = RSAEncryptor.h; sourceTree = "<group>"; };
		FBB7DECE1AD52A0D003A4E11 /* RSAEncryptor.m */ = {isa = PBXFileReference; fileEncoding = 4; lastKnownFileType = sourcecode.c.objc; path = RSAEncryptor.m; sourceTree = "<group>"; };
/* End PBXFileReference section */

/* Begin PBXFrameworksBuildPhase section */
		FB707B1A1AD3D6C100A70355 /* Frameworks */ = {
			isa = PBXFrameworksBuildPhase;
			buildActionMask = 2147483647;
			files = (
				FBB7DEC81AD51433003A4E11 /* Security.framework in Frameworks */,
			);
			runOnlyForDeploymentPostprocessing = 0;
		};
		FB707B331AD3D6C100A70355 /* Frameworks */ = {
			isa = PBXFrameworksBuildPhase;
			buildActionMask = 2147483647;
			files = (
			);
			runOnlyForDeploymentPostprocessing = 0;
		};
/* End PBXFrameworksBuildPhase section */

/* Begin PBXGroup section */
		FB707B141AD3D6C100A70355 = {
			isa = PBXGroup;
			children = (
				FBB7DECD1AD52A0D003A4E11 /* RSAEncryptor.h */,
				FBB7DECE1AD52A0D003A4E11 /* RSAEncryptor.m */,
				FBB7DEC91AD529C4003A4E11 /* private_key.p12 */,
				FBB7DECA1AD529C4003A4E11 /* public_key.der */,
				FBB7DEC71AD51433003A4E11 /* Security.framework */,
				FB707B1F1AD3D6C100A70355 /* RSA——DEMO */,
				FB707B391AD3D6C100A70355 /* RSA——DEMOTests */,
				FB707B1E1AD3D6C100A70355 /* Products */,
			);
			sourceTree = "<group>";
		};
		FB707B1E1AD3D6C100A70355 /* Products */ = {
			isa = PBXGroup;
			children = (
				FB707B1D1AD3D6C100A70355 /* RSA——DEMO.app */,
				FB707B361AD3D6C100A70355 /* RSA——DEMOTests.xctest */,
			);
			name = Products;
			sourceTree = "<group>";
		};
		FB707B1F1AD3D6C100A70355 /* RSA——DEMO */ = {
			isa = PBXGroup;
			children = (
				FB707B241AD3D6C100A70355 /* AppDelegate.h */,
				FB707B251AD3D6C100A70355 /* AppDelegate.m */,
				FB707B271AD3D6C100A70355 /* ViewController.h */,
				FB707B281AD3D6C100A70355 /* ViewController.m */,
				FB707B2A1AD3D6C100A70355 /* Main.storyboard */,
				FB707B2D1AD3D6C100A70355 /* Images.xcassets */,
				FB707B2F1AD3D6C100A70355 /* LaunchScreen.xib */,
				FB707B201AD3D6C100A70355 /* Supporting Files */,
			);
			path = "RSA——DEMO";
			sourceTree = "<group>";
		};
		FB707B201AD3D6C100A70355 /* Supporting Files */ = {
			isa = PBXGroup;
			children = (
				FB707B211AD3D6C100A70355 /* Info.plist */,
				FB707B221AD3D6C100A70355 /* main.m */,
			);
			name = "Supporting Files";
			sourceTree = "<group>";
		};
		FB707B391AD3D6C100A70355 /* RSA——DEMOTests */ = {
			isa = PBXGroup;
			children = (
				FB707B3C1AD3D6C100A70355 /* RSA__DEMOTests.m */,
				FB707B3A1AD3D6C100A70355 /* Supporting Files */,
			);
			path = "RSA——DEMOTests";
			sourceTree = "<group>";
		};
		FB707B3A1AD3D6C100A70355 /* Supporting Files */ = {
			isa = PBXGroup;
			children = (
				FB707B3B1AD3D6C100A70355 /* Info.plist */,
			);
			name = "Supporting Files";
			sourceTree = "<group>";
		};
/* End PBXGroup section */

/* Begin PBXNativeTarget section */
		FB707B1C1AD3D6C100A70355 /* RSA——DEMO */ = {
			isa = PBXNativeTarget;
			buildConfigurationList = FB707B401AD3D6C100A70355 /* Build configuration list for PBXNativeTarget "RSA——DEMO" */;
			buildPhases = (
				FB707B191AD3D6C100A70355 /* Sources */,
				FB707B1A1AD3D6C100A70355 /* Frameworks */,
				FB707B1B1AD3D6C100A70355 /* Resources */,
			);
			buildRules = (
			);
			dependencies = (
			);
			name = "RSA——DEMO";
			productName = "RSA——DEMO";
			productReference = FB707B1D1AD3D6C100A70355 /* RSA——DEMO.app */;
			productType = "com.apple.product-type.application";
		};
		FB707B351AD3D6C100A70355 /* RSA——DEMOTests */ = {
			isa = PBXNativeTarget;
			buildConfigurationList = FB707B431AD3D6C100A70355 /* Build configuration list for PBXNativeTarget "RSA——DEMOTests" */;
			buildPhases = (
				FB707B321AD3D6C100A70355 /* Sources */,
				FB707B331AD3D6C100A70355 /* Frameworks */,
				FB707B341AD3D6C100A70355 /* Resources */,
			);
			buildRules = (
			);
			dependencies = (
				FB707B381AD3D6C100A70355 /* PBXTargetDependency */,
			);
			name = "RSA——DEMOTests";
			productName = "RSA——DEMOTests";
			productReference = FB707B361AD3D6C100A70355 /* RSA——DEMOTests.xctest */;
			productType = "com.apple.product-type.bundle.unit-test";
		};
/* End PBXNativeTarget section */

/* Begin PBXProject section */
		FB707B151AD3D6C100A70355 /* Project object */ = {
			isa = PBXProject;
			attributes = {
				LastUpgradeCheck = 0620;
				ORGANIZATIONNAME = "李小平";
				TargetAttributes = {
					FB707B1C1AD3D6C100A70355 = {
						CreatedOnToolsVersion = 6.2;
					};
					FB707B351AD3D6C100A70355 = {
						CreatedOnToolsVersion = 6.2;
						TestTargetID = FB707B1C1AD3D6C100A70355;
					};
				};
			};
			buildConfigurationList = FB707B181AD3D6C100A70355 /* Build configuration list for PBXProject "RSA——DEMO" */;
			compatibilityVersion = "Xcode 3.2";
			developmentRegion = English;
			hasScannedForEncodings = 0;
			knownRegions = (
				en,
				Base,
			);
			mainGroup = FB707B141AD3D6C100A70355;
			productRefGroup = FB707B1E1AD3D6C100A70355 /* Products */;
			projectDirPath = "";
			projectRoot = "";
			targets = (
				FB707B1C1AD3D6C100A70355 /* RSA——DEMO */,
				FB707B351AD3D6C100A70355 /* RSA——DEMOTests */,
			);
		};
/* End PBXProject section */

/* Begin PBXResourcesBuildPhase section */
		FB707B1B1AD3D6C100A70355 /* Resources */ = {
			isa = PBXResourcesBuildPhase;
			buildActionMask = 2147483647;
			files = (
				FB707B2C1AD3D6C100A70355 /* Main.storyboard in Resources */,
				FB707B311AD3D6C100A70355 /* LaunchScreen.xib in Resources */,
				FB707B2E1AD3D6C100A70355 /* Images.xcassets in Resources */,
				FBB7DECB1AD529C4003A4E11 /* private_key.p12 in Resources */,
				FBB7DECC1AD529C4003A4E11 /* public_key.der in Resources */,
			);
			runOnlyForDeploymentPostprocessing = 0;
		};
		FB707B341AD3D6C100A70355 /* Resources */ = {
			isa = PBXResourcesBuildPhase;
			buildActionMask = 2147483647;
			files = (
			);
			runOnlyForDeploymentPostprocessing = 0;
		};
/* End PBXResourcesBuildPhase section */

/* Begin PBXSourcesBuildPhase section */
		FB707B191AD3D6C100A70355 /* Sources */ = {
			isa = PBXSourcesBuildPhase;
			buildActionMask = 2147483647;
			files = (
				FB707B291AD3D6C100A70355 /* ViewController.m in Sources */,
				FBB7DECF1AD52A0D003A4E11 /* RSAEncryptor.m in Sources */,
				FB707B261AD3D6C100A70355 /* AppDelegate.m in Sources */,
				FB707B231AD3D6C100A70355 /* main.m in Sources */,
			);
			runOnlyForDeploymentPostprocessing = 0;
		};
		FB707B321AD3D6C100A70355 /* Sources */ = {
			isa = PBXSourcesBuildPhase;
			buildActionMask = 2147483647;
			files = (
				FB707B3D1AD3D6C100A70355 /* RSA__DEMOTests.m in Sources */,
			);
			runOnlyForDeploymentPostprocessing = 0;
		};
/* End PBXSourcesBuildPhase section */

/* Begin PBXTargetDependency section */
		FB707B381AD3D6C100A70355 /* PBXTargetDependency */ = {
			isa = PBXTargetDependency;
			target = FB707B1C1AD3D6C100A70355 /* RSA——DEMO */;
			targetProxy = FB707B371AD3D6C100A70355 /* PBXContainerItemProxy */;
		};
/* End PBXTargetDependency section */

/* Begin PBXVariantGroup section */
		FB707B2A1AD3D6C100A70355 /* Main.storyboard */ = {
			isa = PBXVariantGroup;
			children = (
				FB707B2B1AD3D6C100A70355 /* Base */,
			);
			name = Main.storyboard;
			sourceTree = "<group>";
		};
		FB707B2F1AD3D6C100A70355 /* LaunchScreen.xib */ = {
			isa = PBXVariantGroup;
			children = (
				FB707B301AD3D6C100A70355 /* Base */,
			);
			name = LaunchScreen.xib;
			sourceTree = "<group>";
		};
/* End PBXVariantGroup section */

/* Begin XCBuildConfiguration section */
		FB707B3E1AD3D6C100A70355 /* Debug */ = {
			isa = XCBuildConfiguration;
			buildSettings = {
				ALWAYS_SEARCH_USER_PATHS = NO;
				CLANG_CXX_LANGUAGE_STANDARD = "gnu++0x";
				CLANG_CXX_LIBRARY = "libc++";
				CLANG_ENABLE_MODULES = YES;
				CLANG_ENABLE_OBJC_ARC = YES;
				CLANG_WARN_BOOL_CONVERSION = YES;
				CLANG_WARN_CONSTANT_CONVERSION = YES;
				CLANG_WARN_DIRECT_OBJC_ISA_USAGE = YES_ERROR;
				CLANG_WARN_EMPTY_BODY = YES;
				CLANG_WARN_ENUM_CONVERSION = YES;
				CLANG_WARN_INT_CONVERSION = YES;
				CLANG_WARN_OBJC_ROOT_CLASS = YES_ERROR;
				CLANG_WARN_UNREACHABLE_CODE = YES;
				CLANG_WARN__DUPLICATE_METHOD_MATCH = YES;
				"CODE_SIGN_IDENTITY[sdk=iphoneos*]" = "iPhone Developer";
				COPY_PHASE_STRIP = NO;
				ENABLE_STRICT_OBJC_MSGSEND = YES;
				GCC_C_LANGUAGE_STANDARD = gnu99;
				GCC_DYNAMIC_NO_PIC = NO;
				GCC_OPTIMIZATION_LEVEL = 0;
				GCC_PREPROCESSOR_DEFINITIONS = (
					"DEBUG=1",
					"$(inherited)",
				);
				GCC_SYMBOLS_PRIVATE_EXTERN = NO;
				GCC_WARN_64_TO_32_BIT_CONVERSION = YES;
				GCC_WARN_ABOUT_RETURN_TYPE = YES_ERROR;
				GCC_WARN_UNDECLARED_SELECTOR = YES;
				GCC_WARN_UNINITIALIZED_AUTOS = YES_AGGRESSIVE;
				GCC_WARN_UNUSED_FUNCTION = YES;
				GCC_WARN_UNUSED_VARIABLE = YES;
				IPHONEOS_DEPLOYMENT_TARGET = 8.2;
				MTL_ENABLE_DEBUG_INFO = YES;
				ONLY_ACTIVE_ARCH = YES;
				SDKROOT = iphoneos;
				TARGETED_DEVICE_FAMILY = "1,2";
			};
			name = Debug;
		};
		FB707B3F1AD3D6C100A70355 /* Release */ = {
			isa = XCBuildConfiguration;
			buildSettings = {
				ALWAYS_SEARCH_USER_PATHS = NO;
				CLANG_CXX_LANGUAGE_STANDARD = "gnu++0x";
				CLANG_CXX_LIBRARY = "libc++";
				CLANG_ENABLE_MODULES = YES;
				CLANG_ENABLE_OBJC_ARC = YES;
				CLANG_WARN_BOOL_CONVERSION = YES;
				CLANG_WARN_CONSTANT_CONVERSION = YES;
				CLANG_WARN_DIRECT_OBJC_ISA_USAGE = YES_ERROR;
				CLANG_WARN_EMPTY_BODY = YES;
				CLANG_WARN_ENUM_CONVERSION = YES;
				CLANG_WARN_INT_CONVERSION = YES;
				CLANG_WARN_OBJC_ROOT_CLASS = YES_ERROR;
				CLANG_WARN_UNREACHABLE_CODE = YES;
				CLANG_WARN__DUPLICATE_METHOD_MATCH = YES;
				"CODE_SIGN_IDENTITY[sdk=iphoneos*]" = "iPhone Developer";
				COPY_PHASE_STRIP = NO;
				ENABLE_NS_ASSERTIONS = NO;
				ENABLE_STRICT_OBJC_MSGSEND = YES;
				GCC_C_LANGUAGE_STANDARD = gnu99;
				GCC_WARN_64_TO_32_BIT_CONVERSION = YES;
				GCC_WARN_ABOUT_RETURN_TYPE = YES_ERROR;
				GCC_WARN_UNDECLARED_SELECTOR = YES;
				GCC_WARN_UNINITIALIZED_AUTOS = YES_AGGRESSIVE;
				GCC_WARN_UNUSED_FUNCTION = YES;
				GCC_WARN_UNUSED_VARIABLE = YES;
				IPHONEOS_DEPLOYMENT_TARGET = 8.2;
				MTL_ENABLE_DEBUG_INFO = NO;
				SDKROOT = iphoneos;
				TARGETED_DEVICE_FAMILY = "1,2";
				VALIDATE_PRODUCT = YES;
			};
			name = Release;
		};
		FB707B411AD3D6C100A70355 /* Debug */ = {
			isa = XCBuildConfiguration;
			buildSettings = {
				ASSETCATALOG_COMPILER_APPICON_NAME = AppIcon;
				INFOPLIST_FILE = "RSA——DEMO/Info.plist";
				LD_RUNPATH_SEARCH_PATHS = "$(inherited) @executable_path/Frameworks";
				PRODUCT_NAME = "$(TARGET_NAME)";
			};
			name = Debug;
		};
		FB707B421AD3D6C100A70355 /* Release */ = {
			isa = XCBuildConfiguration;
			buildSettings = {
				ASSETCATALOG_COMPILER_APPICON_NAME = AppIcon;
				INFOPLIST_FILE = "RSA——DEMO/Info.plist";
				LD_RUNPATH_SEARCH_PATHS = "$(inherited) @executable_path/Frameworks";
				PRODUCT_NAME = "$(TARGET_NAME)";
			};
			name = Release;
		};
		FB707B441AD3D6C100A70355 /* Debug */ = {
			isa = XCBuildConfiguration;
			buildSettings = {
				BUNDLE_LOADER = "$(TEST_HOST)";
				FRAMEWORK_SEARCH_PATHS = (
					"$(SDKROOT)/Developer/Library/Frameworks",
					"$(inherited)",
				);
				GCC_PREPROCESSOR_DEFINITIONS = (
					"DEBUG=1",
					"$(inherited)",
				);
				INFOPLIST_FILE = "RSA——DEMOTests/Info.plist";
				LD_RUNPATH_SEARCH_PATHS = "$(inherited) @executable_path/Frameworks @loader_path/Frameworks";
				PRODUCT_NAME = "$(TARGET_NAME)";
				TEST_HOST = "$(BUILT_PRODUCTS_DIR)/RSA——DEMO.app/RSA——DEMO";
			};
			name = Debug;
		};
		FB707B451AD3D6C100A70355 /* Release */ = {
			isa = XCBuildConfiguration;
			buildSettings = {
				BUNDLE_LOADER = "$(TEST_HOST)";
				FRAMEWORK_SEARCH_PATHS = (
					"$(SDKROOT)/Developer/Library/Frameworks",
					"$(inherited)",
				);
				INFOPLIST_FILE = "RSA——DEMOTests/Info.plist";
				LD_RUNPATH_SEARCH_PATHS = "$(inherited) @executable_path/Frameworks @loader_path/Frameworks";
				PRODUCT_NAME = "$(TARGET_NAME)";
				TEST_HOST = "$(BUILT_PRODUCTS_DIR)/RSA——DEMO.app/RSA——DEMO";
			};
			name = Release;
		};
/* End XCBuildConfiguration section */

/* Begin XCConfigurationList section */
		FB707B181AD3D6C100A70355 /* Build configuration list for PBXProject "RSA——DEMO" */ = {
			isa = XCConfigurationList;
			buildConfigurations = (
				FB707B3E1AD3D6C100A70355 /* Debug */,
				FB707B3F1AD3D6C100A70355 /* Release */,
			);
			defaultConfigurationIsVisible = 0;
			defaultConfigurationName = Release;
		};
		FB707B401AD3D6C100A70355 /* Build configuration list for PBXNativeTarget "RSA——DEMO" */ = {
			isa = XCConfigurationList;
			buildConfigurations = (
				FB707B411AD3D6C100A70355 /* Debug */,
				FB707B421AD3D6C100A70355 /* Release */,
			);
			defaultConfigurationIsVisible = 0;
			defaultConfigurationName = Release;
		};
		FB707B431AD3D6C100A70355 /* Build configuration list for PBXNativeTarget "RSA——DEMOTests" */ = {
			isa = XCConfigurationList;
			buildConfigurations = (
				FB707B441AD3D6C100A70355 /* Debug */,
				FB707B451AD3D6C100A70355 /* Release */,
			);
			defaultConfigurationIsVisible = 0;
			defaultConfigurationName = Release;
		};
/* End XCConfigurationList section */
	};
	rootObject = FB707B151AD3D6C100A70355 /* Project object */;
}
